
Microsoft Visual Studio Solution File, Format Version 12.00
Project("{FAE04EC0-301F-11D3-BF4B-00C04F79EFBC}") = "Site", "Site\Site.csproj", "{6118C09D-7EF3-45A9-9AD3-D5E21FBADBB4}"
EndProject
Project("{FAE04EC0-301F-11D3-BF4B-00C04F79EFBC}") = "Data", "Data\Data.csproj", "{6DB19313-D3C4-4CA0-9196-6EB7EB7065B9}"
EndProject
Project("{FAE04EC0-301F-11D3-BF4B-00C04F79EFBC}") = "Models", "Models\Models.csproj", "{B7BF6C10-42F5-46E8-9211-91413827AC0A}"
EndProject
Project("{F2A71F9B-5D33-465A-A702-920D77279786}") = "Helpers", "Helpers\Helpers.fsproj", "{3D87A3CB-A6A0-4D0C-89B8-D007586DC2A9}"
EndProject
Project("{FAE04EC0-301F-11D3-BF4B-00C04F79EFBC}") = "Helpers.Tests", "Helpers.Tests\Helpers.Tests.csproj", "{344AD590-FCA3-41A7-B6EB-DAD7168B5EF3}"
EndProject
Global
	GlobalSection(SolutionConfigurationPlatforms) = preSolution
		Debug|Any CPU = Debug|Any CPU
		Release|Any CPU = Release|Any CPU
	EndGlobalSection
	GlobalSection(ProjectConfigurationPlatforms) = postSolution
		{6118C09D-7EF3-45A9-9AD3-D5E21FBADBB4}.Debug|Any CPU.ActiveCfg = Debug|Any CPU
		{6118C09D-7EF3-45A9-9AD3-D5E21FBADBB4}.Debug|Any CPU.Build.0 = Debug|Any CPU
		{6118C09D-7EF3-45A9-9AD3-D5E21FBADBB4}.Release|Any CPU.ActiveCfg = Release|Any CPU
		{6118C09D-7EF3-45A9-9AD3-D5E21FBADBB4}.Release|Any CPU.Build.0 = Release|Any CPU
		{6DB19313-D3C4-4CA0-9196-6EB7EB7065B9}.Debug|Any CPU.ActiveCfg = Debug|Any CPU
		{6DB19313-D3C4-4CA0-9196-6EB7EB7065B9}.Debug|Any CPU.Build.0 = Debug|Any CPU
		{6DB19313-D3C4-4CA0-9196-6EB7EB7065B9}.Release|Any CPU.ActiveCfg = Release|Any CPU
		{6DB19313-D3C4-4CA0-9196-6EB7EB7065B9}.Release|Any CPU.Build.0 = Release|Any CPU
		{B7BF6C10-42F5-46E8-9211-91413827AC0A}.Debug|Any CPU.ActiveCfg = Debug|Any CPU
		{B7BF6C10-42F5-46E8-9211-91413827AC0A}.Debug|Any CPU.Build.0 = Debug|Any CPU
		{B7BF6C10-42F5-46E8-9211-91413827AC0A}.Release|Any CPU.ActiveCfg = Release|Any CPU
		{B7BF6C10-42F5-46E8-9211-91413827AC0A}.Release|Any CPU.Build.0 = Release|Any CPU
		{3D87A3CB-A6A0-4D0C-89B8-D007586DC2A9}.Debug|Any CPU.ActiveCfg = Debug|Any CPU
		{3D87A3CB-A6A0-4D0C-89B8-D007586DC2A9}.Debug|Any CPU.Build.0 = Debug|Any CPU
		{3D87A3CB-A6A0-4D0C-89B8-D007586DC2A9}.Release|Any CPU.ActiveCfg = Release|Any CPU
		{3D87A3CB-A6A0-4D0C-89B8-D007586DC2A9}.Release|Any CPU.Build.0 = Release|Any CPU
		{344AD590-FCA3-41A7-B6EB-DAD7168B5EF3}.Debug|Any CPU.ActiveCfg = Debug|Any CPU
		{344AD590-FCA3-41A7-B6EB-DAD7168B5EF3}.Debug|Any CPU.Build.0 = Debug|Any CPU
		{344AD590-FCA3-41A7-B6EB-DAD7168B5EF3}.Release|Any CPU.ActiveCfg = Release|Any CPU
		{344AD590-FCA3-41A7-B6EB-DAD7168B5EF3}.Release|Any CPU.Build.0 = Release|Any CPU
	EndGlobalSection
EndGlobal
