
Microsoft Visual Studio Solution File, Format Version 12.00
Project("{FAE04EC0-301F-11D3-BF4B-00C04F79EFBC}") = "Site", "Site\Site.csproj", "{6118C09D-7EF3-45A9-9AD3-D5E21FBADBB4}"
EndProject
Project("{FAE04EC0-301F-11D3-BF4B-00C04F79EFBC}") = "Api", "Api\Api.csproj", "{B837EBFF-F0B0-4E6A-9441-DA7862C59351}"
EndProject
Global
	GlobalSection(SolutionConfigurationPlatforms) = preSolution
		Debug|Any CPU = Debug|Any CPU
		Release|Any CPU = Release|Any CPU
	EndGlobalSection
	GlobalSection(ProjectConfigurationPlatforms) = postSolution
		{6118C09D-7EF3-45A9-9AD3-D5E21FBADBB4}.Debug|Any CPU.ActiveCfg = Debug|Any CPU
		{6118C09D-7EF3-45A9-9AD3-D5E21FBADBB4}.Debug|Any CPU.Build.0 = Debug|Any CPU
		{6118C09D-7EF3-45A9-9AD3-D5E21FBADBB4}.Release|Any CPU.ActiveCfg = Release|Any CPU
		{6118C09D-7EF3-45A9-9AD3-D5E21FBADBB4}.Release|Any CPU.Build.0 = Release|Any CPU
		{B837EBFF-F0B0-4E6A-9441-DA7862C59351}.Debug|Any CPU.ActiveCfg = Debug|Any CPU
		{B837EBFF-F0B0-4E6A-9441-DA7862C59351}.Debug|Any CPU.Build.0 = Debug|Any CPU
		{B837EBFF-F0B0-4E6A-9441-DA7862C59351}.Release|Any CPU.ActiveCfg = Release|Any CPU
		{B837EBFF-F0B0-4E6A-9441-DA7862C59351}.Release|Any CPU.Build.0 = Release|Any CPU
	EndGlobalSection
EndGlobal
